
Microsoft Visual Studio Solution File, Format Version 12.00
# Visual Studio Version 17
VisualStudioVersion = 17.0.31903.59
MinimumVisualStudioVersion = 10.0.40219.1
Project("{2150E333-8FDC-42A3-9474-1A3956D46DE8}") = "src", "src", "{827E0CD3-B72D-47B6-A68D-7590B98EB39B}"
EndProject
Project("{FAE04EC0-301F-11D3-BF4B-00C04F79EFBC}") = "AutoPartsStore.Domain", "src\AutoPartsStore.Domain\AutoPartsStore.Domain.csproj", "{7722F6A6-EFCF-40A8-90A8-CEBFD9FF7528}"
EndProject
Project("{FAE04EC0-301F-11D3-BF4B-00C04F79EFBC}") = "AutoPartsStore.Infrastructure", "src\AutoPartsStore.Infrastructure\AutoPartsStore.Infrastructure.csproj", "{8A90D6F6-A89F-46A2-9330-3A6F92EB698F}"
EndProject
Project("{FAE04EC0-301F-11D3-BF4B-00C04F79EFBC}") = "AutoPartsStore.Api", "src\AutoPartsStore.Api\AutoPartsStore.Api.csproj", "{1C0169D0-3FF7-471F-89A4-E83F6173934D}"
EndProject
Global
	GlobalSection(SolutionConfigurationPlatforms) = preSolution
		Debug|Any CPU = Debug|Any CPU
		Debug|x64 = Debug|x64
		Debug|x86 = Debug|x86
		Release|Any CPU = Release|Any CPU
		Release|x64 = Release|x64
		Release|x86 = Release|x86
	EndGlobalSection
	GlobalSection(ProjectConfigurationPlatforms) = postSolution
		{7722F6A6-EFCF-40A8-90A8-CEBFD9FF7528}.Debug|Any CPU.ActiveCfg = Debug|Any CPU
		{7722F6A6-EFCF-40A8-90A8-CEBFD9FF7528}.Debug|Any CPU.Build.0 = Debug|Any CPU
		{7722F6A6-EFCF-40A8-90A8-CEBFD9FF7528}.Debug|x64.ActiveCfg = Debug|Any CPU
		{7722F6A6-EFCF-40A8-90A8-CEBFD9FF7528}.Debug|x64.Build.0 = Debug|Any CPU
		{7722F6A6-EFCF-40A8-90A8-CEBFD9FF7528}.Debug|x86.ActiveCfg = Debug|Any CPU
		{7722F6A6-EFCF-40A8-90A8-CEBFD9FF7528}.Debug|x86.Build.0 = Debug|Any CPU
		{7722F6A6-EFCF-40A8-90A8-CEBFD9FF7528}.Release|Any CPU.ActiveCfg = Release|Any CPU
		{7722F6A6-EFCF-40A8-90A8-CEBFD9FF7528}.Release|Any CPU.Build.0 = Release|Any CPU
		{7722F6A6-EFCF-40A8-90A8-CEBFD9FF7528}.Release|x64.ActiveCfg = Release|Any CPU
		{7722F6A6-EFCF-40A8-90A8-CEBFD9FF7528}.Release|x64.Build.0 = Release|Any CPU
		{7722F6A6-EFCF-40A8-90A8-CEBFD9FF7528}.Release|x86.ActiveCfg = Release|Any CPU
		{7722F6A6-EFCF-40A8-90A8-CEBFD9FF7528}.Release|x86.Build.0 = Release|Any CPU
		{8A90D6F6-A89F-46A2-9330-3A6F92EB698F}.Debug|Any CPU.ActiveCfg = Debug|Any CPU
		{8A90D6F6-A89F-46A2-9330-3A6F92EB698F}.Debug|Any CPU.Build.0 = Debug|Any CPU
		{8A90D6F6-A89F-46A2-9330-3A6F92EB698F}.Debug|x64.ActiveCfg = Debug|Any CPU
		{8A90D6F6-A89F-46A2-9330-3A6F92EB698F}.Debug|x64.Build.0 = Debug|Any CPU
		{8A90D6F6-A89F-46A2-9330-3A6F92EB698F}.Debug|x86.ActiveCfg = Debug|Any CPU
		{8A90D6F6-A89F-46A2-9330-3A6F92EB698F}.Debug|x86.Build.0 = Debug|Any CPU
		{8A90D6F6-A89F-46A2-9330-3A6F92EB698F}.Release|Any CPU.ActiveCfg = Release|Any CPU
		{8A90D6F6-A89F-46A2-9330-3A6F92EB698F}.Release|Any CPU.Build.0 = Release|Any CPU
		{8A90D6F6-A89F-46A2-9330-3A6F92EB698F}.Release|x64.ActiveCfg = Release|Any CPU
		{8A90D6F6-A89F-46A2-9330-3A6F92EB698F}.Release|x64.Build.0 = Release|Any CPU
		{8A90D6F6-A89F-46A2-9330-3A6F92EB698F}.Release|x86.ActiveCfg = Release|Any CPU
		{8A90D6F6-A89F-46A2-9330-3A6F92EB698F}.Release|x86.Build.0 = Release|Any CPU
		{1C0169D0-3FF7-471F-89A4-E83F6173934D}.Debug|Any CPU.ActiveCfg = Debug|Any CPU
		{1C0169D0-3FF7-471F-89A4-E83F6173934D}.Debug|Any CPU.Build.0 = Debug|Any CPU
		{1C0169D0-3FF7-471F-89A4-E83F6173934D}.Debug|x64.ActiveCfg = Debug|Any CPU
		{1C0169D0-3FF7-471F-89A4-E83F6173934D}.Debug|x64.Build.0 = Debug|Any CPU
		{1C0169D0-3FF7-471F-89A4-E83F6173934D}.Debug|x86.ActiveCfg = Debug|Any CPU
		{1C0169D0-3FF7-471F-89A4-E83F6173934D}.Debug|x86.Build.0 = Debug|Any CPU
		{1C0169D0-3FF7-471F-89A4-E83F6173934D}.Release|Any CPU.ActiveCfg = Release|Any CPU
		{1C0169D0-3FF7-471F-89A4-E83F6173934D}.Release|Any CPU.Build.0 = Release|Any CPU
		{1C0169D0-3FF7-471F-89A4-E83F6173934D}.Release|x64.ActiveCfg = Release|Any CPU
		{1C0169D0-3FF7-471F-89A4-E83F6173934D}.Release|x64.Build.0 = Release|Any CPU
		{1C0169D0-3FF7-471F-89A4-E83F6173934D}.Release|x86.ActiveCfg = Release|Any CPU
		{1C0169D0-3FF7-471F-89A4-E83F6173934D}.Release|x86.Build.0 = Release|Any CPU
	EndGlobalSection
	GlobalSection(SolutionProperties) = preSolution
		HideSolutionNode = FALSE
	EndGlobalSection
	GlobalSection(NestedProjects) = preSolution
		{7722F6A6-EFCF-40A8-90A8-CEBFD9FF7528} = {827E0CD3-B72D-47B6-A68D-7590B98EB39B}
		{8A90D6F6-A89F-46A2-9330-3A6F92EB698F} = {827E0CD3-B72D-47B6-A68D-7590B98EB39B}
		{1C0169D0-3FF7-471F-89A4-E83F6173934D} = {827E0CD3-B72D-47B6-A68D-7590B98EB39B}
	EndGlobalSection
EndGlobal
